
Microsoft Visual Studio Solution File, Format Version 12.00
# Visual Studio Version 17
VisualStudioVersion = 17.5.002.0
MinimumVisualStudioVersion = 10.0.40219.1
Project("{9A19103F-16F7-4668-BE54-9A1E7A4F7556}") = "ExternalScalerSample", "ExternalScalerSample.csproj", "{5C1F6D2A-969E-4EBE-9CAD-4F0D7E9D027E}"
EndProject
Global
	GlobalSection(SolutionConfigurationPlatforms) = preSolution
		Debug|Any CPU = Debug|Any CPU
		Release|Any CPU = Release|Any CPU
	EndGlobalSection
	GlobalSection(ProjectConfigurationPlatforms) = postSolution
		{5C1F6D2A-969E-4EBE-9CAD-4F0D7E9D027E}.Debug|Any CPU.ActiveCfg = Debug|Any CPU
		{5C1F6D2A-969E-4EBE-9CAD-4F0D7E9D027E}.Debug|Any CPU.Build.0 = Debug|Any CPU
		{5C1F6D2A-969E-4EBE-9CAD-4F0D7E9D027E}.Release|Any CPU.ActiveCfg = Release|Any CPU
		{5C1F6D2A-969E-4EBE-9CAD-4F0D7E9D027E}.Release|Any CPU.Build.0 = Release|Any CPU
	EndGlobalSection
	GlobalSection(SolutionProperties) = preSolution
		HideSolutionNode = FALSE
	EndGlobalSection
	GlobalSection(ExtensibilityGlobals) = postSolution
		SolutionGuid = {798B0119-C899-4123-ABF5-D2D876F7A770}
	EndGlobalSection
EndGlobal
